
Microsoft Visual Studio Solution File, Format Version 12.00
Project("{FAE04EC0-301F-11D3-BF4B-00C04F79EFBC}") = "CartApi", "CartApi\CartApi.csproj", "{7FEB8778-2CC7-484C-821E-F61935B042C8}"
EndProject
Global
	GlobalSection(SolutionConfigurationPlatforms) = preSolution
		Debug|Any CPU = Debug|Any CPU
		Release|Any CPU = Release|Any CPU
	EndGlobalSection
	GlobalSection(ProjectConfigurationPlatforms) = postSolution
		{7FEB8778-2CC7-484C-821E-F61935B042C8}.Debug|Any CPU.ActiveCfg = Debug|Any CPU
		{7FEB8778-2CC7-484C-821E-F61935B042C8}.Debug|Any CPU.Build.0 = Debug|Any CPU
		{7FEB8778-2CC7-484C-821E-F61935B042C8}.Release|Any CPU.ActiveCfg = Release|Any CPU
		{7FEB8778-2CC7-484C-821E-F61935B042C8}.Release|Any CPU.Build.0 = Release|Any CPU
	EndGlobalSection
EndGlobal
